
Microsoft Visual Studio Solution File, Format Version 12.00
# Visual Studio Version 17
VisualStudioVersion = 17.11.35303.130
MinimumVisualStudioVersion = 10.0.40219.1
Project("{FAE04EC0-301F-11D3-BF4B-00C04F79EFBC}") = "WebAPIGoldenData", "WebAPIGoldenData\WebAPIGoldenData.csproj", "{840E9B17-9732-4B5A-BC58-50736BA44EC5}"
EndProject
Global
	GlobalSection(SolutionConfigurationPlatforms) = preSolution
		Debug|Any CPU = Debug|Any CPU
		Release|Any CPU = Release|Any CPU
	EndGlobalSection
	GlobalSection(ProjectConfigurationPlatforms) = postSolution
		{840E9B17-9732-4B5A-BC58-50736BA44EC5}.Debug|Any CPU.ActiveCfg = Debug|Any CPU
		{840E9B17-9732-4B5A-BC58-50736BA44EC5}.Debug|Any CPU.Build.0 = Debug|Any CPU
		{840E9B17-9732-4B5A-BC58-50736BA44EC5}.Release|Any CPU.ActiveCfg = Release|Any CPU
		{840E9B17-9732-4B5A-BC58-50736BA44EC5}.Release|Any CPU.Build.0 = Release|Any CPU
	EndGlobalSection
	GlobalSection(SolutionProperties) = preSolution
		HideSolutionNode = FALSE
	EndGlobalSection
	GlobalSection(ExtensibilityGlobals) = postSolution
		SolutionGuid = {AE402FCF-A69F-4189-8AD3-D0A2F6125468}
	EndGlobalSection
EndGlobal
